github.com/k2-fsa/sherpa-onnx-go v1.13.6 h1:JKFYKAJ0npw+NfolETOoN2Psbma60g6laQGXpNsRHUs=
github.com/k2-fsa/sherpa-onnx-go v1.13.6/go.mod h1:KBDGSAIEljGnYGKZdE+BAuMJqfEMpY53SeiD8N++M48=
github.com/k2-fsa/sherpa-onnx-go-linux v1.13.6 h1:CupI5dGvUgjGueu2Ju701qSAnn1+i+F0zkzGA74lttM=
github.com/k2-fsa/sherpa-onnx-go-linux v1.13.6/go.mod h1:NXEH2rsBgTdqY59YpPq6CtSBlBAXy/8a9FmpLERU97I=
github.com/k2-fsa/sherpa-onnx-go-macos v1.13.6 h1:RomjkUOYDsYawgRDSbf0TsK7IKApQqfrsnXAJUe5omw=
github.com/k2-fsa/sherpa-onnx-go-macos v1.13.6/go.mod h1:ZOhUAXC62Unj0ZNfu6zxSFKcW96aXf7P3BsqiUyOBbE=
github.com/k2-fsa/sherpa-onnx-go-windows v1.13.6 h1:iERze3L0ysXctzsn+p4Uhuj5NbqybKa78U5UTTxbs6g=
github.com/k2-fsa/sherpa-onnx-go-windows v1.13.6/go.mod h1:5AX7TU8+P/gInjglY1ijtWUM2b8iyR0QX4yEngzMe64=
gopkg.in/check.v1 v0.0.0-20161208181325-20d25e280405 h1:yhCVgyC4o1eVCa2tZl7eS0r+SDo693bJlVdllGtEeKM=
gopkg.in/check.v1 v0.0.0-20161208181325-20d25e280405/go.mod h1:Co6ibVJAznAaIkqp8huTwlJQCZ016jof/cbN4VW5Yz0=
gopkg.in/yaml.v3 v3.0.1 h1:fxVm/GzAzEWqLHuvctI91KS9hhNmmWOoWu0XTYJS7CA=
gopkg.in/yaml.v3 v3.0.1/go.mod h1:K4uyk7z7BCEPqu6E+C64Yfv1cQ7kz7rIZviUmN+EgEM=
